// !$*UTF8*$!
{
	archiveVersion = 1;
	classes = {
	};
	objectVersion = 55;
	objects = {

/* Begin PBXBuildFile section */
		180A8CF227F50C590019B8D9 /* XCTest.framework in Frameworks */ = {isa = PBXBuildFile; fileRef = 189D5E5827F50B590004A1C4 /* XCTest.framework */; settings = {ATTRIBUTES = (Weak, ); }; };
		180E619B27DC346C00192330 /* ResourceView.swift in Sources */ = {isa = PBXBuildFile; fileRef = 180E619A27DC346C00192330 /* ResourceView.swift */; };
		180E619D27DC34A800192330 /* SettingsView.swift in Sources */ = {isa = PBXBuildFile; fileRef = 180E619C27DC34A800192330 /* SettingsView.swift */; };
		1821722627F4F49F000191DE /* Contact.swift in Sources */ = {isa = PBXBuildFile; fileRef = 1821722527F4F49F000191DE /* Contact.swift */; };
		1826BBDB27E12B9D004DC52F /* AddMessageView.swift in Sources */ = {isa = PBXBuildFile; fileRef = 1826BBDA27E12B9D004DC52F /* AddMessageView.swift */; };
		1826BBDD27E12E1F004DC52F /* MessageExamplesView.swift in Sources */ = {isa = PBXBuildFile; fileRef = 1826BBDC27E12E1F004DC52F /* MessageExamplesView.swift */; };
		1826BBDF27E135EB004DC52F /* InfoCardView.swift in Sources */ = {isa = PBXBuildFile; fileRef = 1826BBDE27E135EB004DC52F /* InfoCardView.swift */; };
		1826BBE127E1465F004DC52F /* MessageCardView.swift in Sources */ = {isa = PBXBuildFile; fileRef = 1826BBE027E1465F004DC52F /* MessageCardView.swift */; };
		1826BBE327E148CC004DC52F /* Message.swift in Sources */ = {isa = PBXBuildFile; fileRef = 1826BBE227E148CC004DC52F /* Message.swift */; };
		1826BBE527E15CD5004DC52F /* UserSettings.swift in Sources */ = {isa = PBXBuildFile; fileRef = 1826BBE427E15CD5004DC52F /* UserSettings.swift */; };
		183A0A8927EFD46A0095AAAB /* ContactListItemView.swift in Sources */ = {isa = PBXBuildFile; fileRef = 183A0A8827EFD46A0095AAAB /* ContactListItemView.swift */; };
		183A0AA927EFE5720095AAAB /* ContactsProvider.swift in Sources */ = {isa = PBXBuildFile; fileRef = 183A0AA827EFE5720095AAAB /* ContactsProvider.swift */; };
		183A0AAB27EFE5B10095AAAB /* StringExtension.swift in Sources */ = {isa = PBXBuildFile; fileRef = 183A0AAA27EFE5B10095AAAB /* StringExtension.swift */; };
		183A0AAD27EFE5DE0095AAAB /* ContactPickerView.swift in Sources */ = {isa = PBXBuildFile; fileRef = 183A0AAC27EFE5DE0095AAAB /* ContactPickerView.swift */; };
		183A0AAF27EFE5FC0095AAAB /* ContactRowView.swift in Sources */ = {isa = PBXBuildFile; fileRef = 183A0AAE27EFE5FC0095AAAB /* ContactRowView.swift */; };
		183A0AB127EFEAE50095AAAB /* ContactDetailSheet .swift in Sources */ = {isa = PBXBuildFile; fileRef = 183A0AB027EFEAE50095AAAB /* ContactDetailSheet .swift */; };
		1842A87227E93DC900F5CE7A /* SettingsLabelView.swift in Sources */ = {isa = PBXBuildFile; fileRef = 1842A87127E93DC900F5CE7A /* SettingsLabelView.swift */; };
		1842A87427E93E7E00F5CE7A /* SettingsRowView.swift in Sources */ = {isa = PBXBuildFile; fileRef = 1842A87327E93E7E00F5CE7A /* SettingsRowView.swift */; };
		1842A87627E9502700F5CE7A /* ResourceRowView.swift in Sources */ = {isa = PBXBuildFile; fileRef = 1842A87527E9502700F5CE7A /* ResourceRowView.swift */; };
		1848815B27E67AEF00D2ECCD /* OnboardingView.swift in Sources */ = {isa = PBXBuildFile; fileRef = 1848815A27E67AEF00D2ECCD /* OnboardingView.swift */; };
		1848815D27E67B6100D2ECCD /* OnboardingPageView.swift in Sources */ = {isa = PBXBuildFile; fileRef = 1848815C27E67B6100D2ECCD /* OnboardingPageView.swift */; };
		1848815F27E686C600D2ECCD /* StartButtonView.swift in Sources */ = {isa = PBXBuildFile; fileRef = 1848815E27E686C600D2ECCD /* StartButtonView.swift */; };
		18582C3527D577B100ABECD5 /* SafePeopleApp.swift in Sources */ = {isa = PBXBuildFile; fileRef = 18582C3427D577B100ABECD5 /* SafePeopleApp.swift */; };
		18582C3727D577B100ABECD5 /* ContentView.swift in Sources */ = {isa = PBXBuildFile; fileRef = 18582C3627D577B100ABECD5 /* ContentView.swift */; };
		18582C3927D577B200ABECD5 /* Assets.xcassets in Resources */ = {isa = PBXBuildFile; fileRef = 18582C3827D577B200ABECD5 /* Assets.xcassets */; };
		18582C3C27D577B200ABECD5 /* Preview Assets.xcassets in Resources */ = {isa = PBXBuildFile; fileRef = 18582C3B27D577B200ABECD5 /* Preview Assets.xcassets */; };
		18582C4427D5987800ABECD5 /* ColorManager.swift in Sources */ = {isa = PBXBuildFile; fileRef = 18582C4327D5987800ABECD5 /* ColorManager.swift */; };
		18582C4727D5999600ABECD5 /* SimpleButtonStyle.swift in Sources */ = {isa = PBXBuildFile; fileRef = 18582C4627D5999600ABECD5 /* SimpleButtonStyle.swift */; };
		18582C4927D5A0D300ABECD5 /* AppTitleView.swift in Sources */ = {isa = PBXBuildFile; fileRef = 18582C4827D5A0D300ABECD5 /* AppTitleView.swift */; };
		18582C4B27D5A17800ABECD5 /* NavigationTitleView.swift in Sources */ = {isa = PBXBuildFile; fileRef = 18582C4A27D5A17800ABECD5 /* NavigationTitleView.swift */; };
		18582C4D27D5A20300ABECD5 /* HamburgerMenuButton.swift in Sources */ = {isa = PBXBuildFile; fileRef = 18582C4C27D5A20300ABECD5 /* HamburgerMenuButton.swift */; };
		189800DB27EA82EC00FAD879 /* MessageExampleCardView.swift in Sources */ = {isa = PBXBuildFile; fileRef = 189800DA27EA82EC00FAD879 /* MessageExampleCardView.swift */; };
		189800DE27EA8F0700FAD879 /* Constants.swift in Sources */ = {isa = PBXBuildFile; fileRef = 189800DD27EA8F0700FAD879 /* Constants.swift */; };
		18B5A11427DD891000F0C89F /* AddContactView.swift in Sources */ = {isa = PBXBuildFile; fileRef = 18B5A11327DD891000F0C89F /* AddContactView.swift */; };
		18B5A11727DD8B0F00F0C89F /* iPhoneNumberField in Frameworks */ = {isa = PBXBuildFile; productRef = 18B5A11627DD8B0F00F0C89F /* iPhoneNumberField */; };
		18D3E30627D6AD3D0058B703 /* SidebarContent.swift in Sources */ = {isa = PBXBuildFile; fileRef = 18D3E30527D6AD3D0058B703 /* SidebarContent.swift */; };
		18D3E30A27D6D3EF0058B703 /* MainView.swift in Sources */ = {isa = PBXBuildFile; fileRef = 18D3E30927D6D3EF0058B703 /* MainView.swift */; };
		18D3E30C27D6D5430058B703 /* MenuItemView.swift in Sources */ = {isa = PBXBuildFile; fileRef = 18D3E30B27D6D5430058B703 /* MenuItemView.swift */; };
		18D3E30F27D6D9860058B703 /* SafePeopleView.swift in Sources */ = {isa = PBXBuildFile; fileRef = 18D3E30E27D6D9860058B703 /* SafePeopleView.swift */; };
		18E18B8827DFD4BE007977B6 /* SafePeople.xcdatamodeld in Sources */ = {isa = PBXBuildFile; fileRef = 18E18B8627DFD4BE007977B6 /* SafePeople.xcdatamodeld */; };
		18E18B8A27DFD4FF007977B6 /* Persistence.swift in Sources */ = {isa = PBXBuildFile; fileRef = 18E18B8927DFD4FF007977B6 /* Persistence.swift */; };
		18E18B8C27DFEB76007977B6 /* NeuomorphicStyleTextfield.swift in Sources */ = {isa = PBXBuildFile; fileRef = 18E18B8B27DFEB76007977B6 /* NeuomorphicStyleTextfield.swift */; };
/* End PBXBuildFile section */

/* Begin PBXFileReference section */
		1807D24627ED3CB900DFF8D3 /* Info.plist */ = {isa = PBXFileReference; lastKnownFileType = text.plist; path = Info.plist; sourceTree = "<group>"; };
		180E619A27DC346C00192330 /* ResourceView.swift */ = {isa = PBXFileReference; lastKnownFileType = sourcecode.swift; path = ResourceView.swift; sourceTree = "<group>"; };
		180E619C27DC34A800192330 /* SettingsView.swift */ = {isa = PBXFileReference; lastKnownFileType = sourcecode.swift; path = SettingsView.swift; sourceTree = "<group>"; };
		1821722527F4F49F000191DE /* Contact.swift */ = {isa = PBXFileReference; lastKnownFileType = sourcecode.swift; path = Contact.swift; sourceTree = "<group>"; };
		1826BBDA27E12B9D004DC52F /* AddMessageView.swift */ = {isa = PBXFileReference; lastKnownFileType = sourcecode.swift; path = AddMessageView.swift; sourceTree = "<group>"; };
		1826BBDC27E12E1F004DC52F /* MessageExamplesView.swift */ = {isa = PBXFileReference; lastKnownFileType = sourcecode.swift; path = MessageExamplesView.swift; sourceTree = "<group>"; };
		1826BBDE27E135EB004DC52F /* InfoCardView.swift */ = {isa = PBXFileReference; lastKnownFileType = sourcecode.swift; path = InfoCardView.swift; sourceTree = "<group>"; };
		1826BBE027E1465F004DC52F /* MessageCardView.swift */ = {isa = PBXFileReference; lastKnownFileType = sourcecode.swift; path = MessageCardView.swift; sourceTree = "<group>"; };
		1826BBE227E148CC004DC52F /* Message.swift */ = {isa = PBXFileReference; lastKnownFileType = sourcecode.swift; path = Message.swift; sourceTree = "<group>"; };
		1826BBE427E15CD5004DC52F /* UserSettings.swift */ = {isa = PBXFileReference; lastKnownFileType = sourcecode.swift; path = UserSettings.swift; sourceTree = "<group>"; };
		183A0A8827EFD46A0095AAAB /* ContactListItemView.swift */ = {isa = PBXFileReference; fileEncoding = 4; lastKnownFileType = sourcecode.swift; path = ContactListItemView.swift; sourceTree = "<group>"; };
		183A0AA827EFE5720095AAAB /* ContactsProvider.swift */ = {isa = PBXFileReference; lastKnownFileType = sourcecode.swift; path = ContactsProvider.swift; sourceTree = "<group>"; };
		183A0AAA27EFE5B10095AAAB /* StringExtension.swift */ = {isa = PBXFileReference; lastKnownFileType = sourcecode.swift; path = StringExtension.swift; sourceTree = "<group>"; };
		183A0AAC27EFE5DE0095AAAB /* ContactPickerView.swift */ = {isa = PBXFileReference; lastKnownFileType = sourcecode.swift; path = ContactPickerView.swift; sourceTree = "<group>"; };
		183A0AAE27EFE5FC0095AAAB /* ContactRowView.swift */ = {isa = PBXFileReference; lastKnownFileType = sourcecode.swift; path = ContactRowView.swift; sourceTree = "<group>"; };
		183A0AB027EFEAE50095AAAB /* ContactDetailSheet .swift */ = {isa = PBXFileReference; lastKnownFileType = sourcecode.swift; path = "ContactDetailSheet .swift"; sourceTree = "<group>"; };
		1842A87127E93DC900F5CE7A /* SettingsLabelView.swift */ = {isa = PBXFileReference; lastKnownFileType = sourcecode.swift; path = SettingsLabelView.swift; sourceTree = "<group>"; };
		1842A87327E93E7E00F5CE7A /* SettingsRowView.swift */ = {isa = PBXFileReference; lastKnownFileType = sourcecode.swift; path = SettingsRowView.swift; sourceTree = "<group>"; };
		1842A87527E9502700F5CE7A /* ResourceRowView.swift */ = {isa = PBXFileReference; lastKnownFileType = sourcecode.swift; path = ResourceRowView.swift; sourceTree = "<group>"; };
		1848815A27E67AEF00D2ECCD /* OnboardingView.swift */ = {isa = PBXFileReference; lastKnownFileType = sourcecode.swift; path = OnboardingView.swift; sourceTree = "<group>"; };
		1848815C27E67B6100D2ECCD /* OnboardingPageView.swift */ = {isa = PBXFileReference; lastKnownFileType = sourcecode.swift; path = OnboardingPageView.swift; sourceTree = "<group>"; };
		1848815E27E686C600D2ECCD /* StartButtonView.swift */ = {isa = PBXFileReference; lastKnownFileType = sourcecode.swift; path = StartButtonView.swift; sourceTree = "<group>"; };
		18582C3127D577B100ABECD5 /* SafePeople.app */ = {isa = PBXFileReference; explicitFileType = wrapper.application; includeInIndex = 0; path = SafePeople.app; sourceTree = BUILT_PRODUCTS_DIR; };
		18582C3427D577B100ABECD5 /* SafePeopleApp.swift */ = {isa = PBXFileReference; lastKnownFileType = sourcecode.swift; path = SafePeopleApp.swift; sourceTree = "<group>"; };
		18582C3627D577B100ABECD5 /* ContentView.swift */ = {isa = PBXFileReference; lastKnownFileType = sourcecode.swift; path = ContentView.swift; sourceTree = "<group>"; };
		18582C3827D577B200ABECD5 /* Assets.xcassets */ = {isa = PBXFileReference; lastKnownFileType = folder.assetcatalog; path = Assets.xcassets; sourceTree = "<group>"; };
		18582C3B27D577B200ABECD5 /* Preview Assets.xcassets */ = {isa = PBXFileReference; lastKnownFileType = folder.assetcatalog; path = "Preview Assets.xcassets"; sourceTree = "<group>"; };
		18582C4327D5987800ABECD5 /* ColorManager.swift */ = {isa = PBXFileReference; lastKnownFileType = sourcecode.swift; path = ColorManager.swift; sourceTree = "<group>"; };
		18582C4627D5999600ABECD5 /* SimpleButtonStyle.swift */ = {isa = PBXFileReference; lastKnownFileType = sourcecode.swift; path = SimpleButtonStyle.swift; sourceTree = "<group>"; };
		18582C4827D5A0D300ABECD5 /* AppTitleView.swift */ = {isa = PBXFileReference; lastKnownFileType = sourcecode.swift; path = AppTitleView.swift; sourceTree = "<group>"; };
		18582C4A27D5A17800ABECD5 /* NavigationTitleView.swift */ = {isa = PBXFileReference; lastKnownFileType = sourcecode.swift; path = NavigationTitleView.swift; sourceTree = "<group>"; };
		18582C4C27D5A20300ABECD5 /* HamburgerMenuButton.swift */ = {isa = PBXFileReference; lastKnownFileType = sourcecode.swift; path = HamburgerMenuButton.swift; sourceTree = "<group>"; };
		189800DA27EA82EC00FAD879 /* MessageExampleCardView.swift */ = {isa = PBXFileReference; lastKnownFileType = sourcecode.swift; path = MessageExampleCardView.swift; sourceTree = "<group>"; };
		189800DD27EA8F0700FAD879 /* Constants.swift */ = {isa = PBXFileReference; lastKnownFileType = sourcecode.swift; path = Constants.swift; sourceTree = "<group>"; };
		189D5E5827F50B590004A1C4 /* XCTest.framework */ = {isa = PBXFileReference; lastKnownFileType = wrapper.framework; name = XCTest.framework; path = Platforms/iPhoneOS.platform/Developer/Library/Frameworks/XCTest.framework; sourceTree = DEVELOPER_DIR; };
		18B5A11327DD891000F0C89F /* AddContactView.swift */ = {isa = PBXFileReference; lastKnownFileType = sourcecode.swift; path = AddContactView.swift; sourceTree = "<group>"; };
		18D3E30527D6AD3D0058B703 /* SidebarContent.swift */ = {isa = PBXFileReference; lastKnownFileType = sourcecode.swift; path = SidebarContent.swift; sourceTree = "<group>"; };
		18D3E30927D6D3EF0058B703 /* MainView.swift */ = {isa = PBXFileReference; lastKnownFileType = sourcecode.swift; path = MainView.swift; sourceTree = "<group>"; };
		18D3E30B27D6D5430058B703 /* MenuItemView.swift */ = {isa = PBXFileReference; lastKnownFileType = sourcecode.swift; path = MenuItemView.swift; sourceTree = "<group>"; };
		18D3E30E27D6D9860058B703 /* SafePeopleView.swift */ = {isa = PBXFileReference; lastKnownFileType = sourcecode.swift; path = SafePeopleView.swift; sourceTree = "<group>"; };
		18E18B8727DFD4BE007977B6 /* SafePeople.xcdatamodel */ = {isa = PBXFileReference; lastKnownFileType = wrapper.xcdatamodel; path = SafePeople.xcdatamodel; sourceTree = "<group>"; };
		18E18B8927DFD4FF007977B6 /* Persistence.swift */ = {isa = PBXFileReference; lastKnownFileType = sourcecode.swift; path = Persistence.swift; sourceTree = "<group>"; };
		18E18B8B27DFEB76007977B6 /* NeuomorphicStyleTextfield.swift */ = {isa = PBXFileReference; lastKnownFileType = sourcecode.swift; path = NeuomorphicStyleTextfield.swift; sourceTree = "<group>"; };
/* End PBXFileReference section */

/* Begin PBXFrameworksBuildPhase section */
		18582C2E27D577B100ABECD5 /* Frameworks */ = {
			isa = PBXFrameworksBuildPhase;
			buildActionMask = 2147483647;
			files = (
				180A8CF227F50C590019B8D9 /* XCTest.framework in Frameworks */,
				18B5A11727DD8B0F00F0C89F /* iPhoneNumberField in Frameworks */,
			);
			runOnlyForDeploymentPostprocessing = 0;
		};
/* End PBXFrameworksBuildPhase section */

/* Begin PBXGroup section */
		180E619527DC305500192330 /* Models */ = {
			isa = PBXGroup;
			children = (
				1826BBE227E148CC004DC52F /* Message.swift */,
			);
			path = Models;
			sourceTree = "<group>";
		};
		183A0AA727EFE55B0095AAAB /* Contacts */ = {
			isa = PBXGroup;
			children = (
				183A0AA827EFE5720095AAAB /* ContactsProvider.swift */,
				183A0AAA27EFE5B10095AAAB /* StringExtension.swift */,
				183A0AAC27EFE5DE0095AAAB /* ContactPickerView.swift */,
				183A0AAE27EFE5FC0095AAAB /* ContactRowView.swift */,
				183A0AB027EFEAE50095AAAB /* ContactDetailSheet .swift */,
				18B5A11327DD891000F0C89F /* AddContactView.swift */,
				1821722527F4F49F000191DE /* Contact.swift */,
			);
			path = Contacts;
			sourceTree = "<group>";
		};
		1842A87027E93D9600F5CE7A /* Settings */ = {
			isa = PBXGroup;
			children = (
				180E619C27DC34A800192330 /* SettingsView.swift */,
				1842A87127E93DC900F5CE7A /* SettingsLabelView.swift */,
				1842A87327E93E7E00F5CE7A /* SettingsRowView.swift */,
			);
			path = Settings;
			sourceTree = "<group>";
		};
		18582C2827D577B100ABECD5 = {
			isa = PBXGroup;
			children = (
				18582C3327D577B100ABECD5 /* SafePeople */,
				18582C3227D577B100ABECD5 /* Products */,
				189D5E5727F50B590004A1C4 /* Frameworks */,
			);
			sourceTree = "<group>";
		};
		18582C3227D577B100ABECD5 /* Products */ = {
			isa = PBXGroup;
			children = (
				18582C3127D577B100ABECD5 /* SafePeople.app */,
			);
			name = Products;
			sourceTree = "<group>";
		};
		18582C3327D577B100ABECD5 /* SafePeople */ = {
			isa = PBXGroup;
			children = (
				1807D24627ED3CB900DFF8D3 /* Info.plist */,
				18E18B8627DFD4BE007977B6 /* SafePeople.xcdatamodeld */,
				1826BBE427E15CD5004DC52F /* UserSettings.swift */,
				18E18B8927DFD4FF007977B6 /* Persistence.swift */,
				18582C3427D577B100ABECD5 /* SafePeopleApp.swift */,
				180E619527DC305500192330 /* Models */,
				18582C4527D5998300ABECD5 /* Views */,
				18582C4227D5986900ABECD5 /* Extensions */,
				18582C3827D577B200ABECD5 /* Assets.xcassets */,
				18582C3A27D577B200ABECD5 /* Preview Content */,
			);
			path = SafePeople;
			sourceTree = "<group>";
		};
		18582C3A27D577B200ABECD5 /* Preview Content */ = {
			isa = PBXGroup;
			children = (
				18582C3B27D577B200ABECD5 /* Preview Assets.xcassets */,
			);
			path = "Preview Content";
			sourceTree = "<group>";
		};
		18582C4227D5986900ABECD5 /* Extensions */ = {
			isa = PBXGroup;
			children = (
				18582C4327D5987800ABECD5 /* ColorManager.swift */,
				189800DD27EA8F0700FAD879 /* Constants.swift */,
			);
			path = Extensions;
			sourceTree = "<group>";
		};
		18582C4527D5998300ABECD5 /* Views */ = {
			isa = PBXGroup;
			children = (
				183A0AA727EFE55B0095AAAB /* Contacts */,
				18582C4627D5999600ABECD5 /* SimpleButtonStyle.swift */,
				18582C3627D577B100ABECD5 /* ContentView.swift */,
				18D3E30927D6D3EF0058B703 /* MainView.swift */,
				189800DC27EA8E2A00FAD879 /* Resources */,
				18B5A11227DD887200F0C89F /* MySafePeople */,
				18582C4E27D5A6A500ABECD5 /* Navigation */,
				18D3E30D27D6D9610058B703 /* Sidebar */,
				1842A87027E93D9600F5CE7A /* Settings */,
				1848815A27E67AEF00D2ECCD /* OnboardingView.swift */,
				1848815C27E67B6100D2ECCD /* OnboardingPageView.swift */,
			);
			path = Views;
			sourceTree = "<group>";
		};
		18582C4E27D5A6A500ABECD5 /* Navigation */ = {
			isa = PBXGroup;
			children = (
				18582C4827D5A0D300ABECD5 /* AppTitleView.swift */,
				18582C4A27D5A17800ABECD5 /* NavigationTitleView.swift */,
				18582C4C27D5A20300ABECD5 /* HamburgerMenuButton.swift */,
			);
			path = Navigation;
			sourceTree = "<group>";
		};
		189800DC27EA8E2A00FAD879 /* Resources */ = {
			isa = PBXGroup;
			children = (
				180E619A27DC346C00192330 /* ResourceView.swift */,
				1842A87527E9502700F5CE7A /* ResourceRowView.swift */,
			);
			path = Resources;
			sourceTree = "<group>";
		};
		189D5E5727F50B590004A1C4 /* Frameworks */ = {
			isa = PBXGroup;
			children = (
				189D5E5827F50B590004A1C4 /* XCTest.framework */,
			);
			name = Frameworks;
			sourceTree = "<group>";
		};
		18B5A11227DD887200F0C89F /* MySafePeople */ = {
			isa = PBXGroup;
			children = (
				18E18B8B27DFEB76007977B6 /* NeuomorphicStyleTextfield.swift */,
				18D3E30E27D6D9860058B703 /* SafePeopleView.swift */,
				183A0A8827EFD46A0095AAAB /* ContactListItemView.swift */,
				1826BBDA27E12B9D004DC52F /* AddMessageView.swift */,
				1826BBDC27E12E1F004DC52F /* MessageExamplesView.swift */,
				1826BBDE27E135EB004DC52F /* InfoCardView.swift */,
				1826BBE027E1465F004DC52F /* MessageCardView.swift */,
				1848815E27E686C600D2ECCD /* StartButtonView.swift */,
				189800DA27EA82EC00FAD879 /* MessageExampleCardView.swift */,
			);
			path = MySafePeople;
			sourceTree = "<group>";
		};
		18D3E30D27D6D9610058B703 /* Sidebar */ = {
			isa = PBXGroup;
			children = (
				18D3E30B27D6D5430058B703 /* MenuItemView.swift */,
				18D3E30527D6AD3D0058B703 /* SidebarContent.swift */,
			);
			path = Sidebar;
			sourceTree = "<group>";
		};
/* End PBXGroup section */

/* Begin PBXNativeTarget section */
		18582C3027D577B100ABECD5 /* SafePeople */ = {
			isa = PBXNativeTarget;
			buildConfigurationList = 18582C3F27D577B200ABECD5 /* Build configuration list for PBXNativeTarget "SafePeople" */;
			buildPhases = (
				18582C2D27D577B100ABECD5 /* Sources */,
				18582C2E27D577B100ABECD5 /* Frameworks */,
				18582C2F27D577B100ABECD5 /* Resources */,
			);
			buildRules = (
			);
			dependencies = (
			);
			name = SafePeople;
			packageProductDependencies = (
				18B5A11627DD8B0F00F0C89F /* iPhoneNumberField */,
			);
			productName = Triggered;
			productReference = 18582C3127D577B100ABECD5 /* SafePeople.app */;
			productType = "com.apple.product-type.application";
		};
/* End PBXNativeTarget section */

/* Begin PBXProject section */
		18582C2927D577B100ABECD5 /* Project object */ = {
			isa = PBXProject;
			attributes = {
				BuildIndependentTargetsInParallel = 1;
				LastSwiftUpdateCheck = 1320;
				LastUpgradeCheck = 1320;
				TargetAttributes = {
					18582C3027D577B100ABECD5 = {
						CreatedOnToolsVersion = 13.2.1;
					};
				};
			};
			buildConfigurationList = 18582C2C27D577B100ABECD5 /* Build configuration list for PBXProject "SafePeople" */;
			compatibilityVersion = "Xcode 13.0";
			developmentRegion = en;
			hasScannedForEncodings = 0;
			knownRegions = (
				en,
				Base,
			);
			mainGroup = 18582C2827D577B100ABECD5;
			packageReferences = (
				18B5A11527DD8B0F00F0C89F /* XCRemoteSwiftPackageReference "iPhoneNumberField" */,
			);
			productRefGroup = 18582C3227D577B100ABECD5 /* Products */;
			projectDirPath = "";
			projectRoot = "";
			targets = (
				18582C3027D577B100ABECD5 /* SafePeople */,
			);
		};
/* End PBXProject section */

/* Begin PBXResourcesBuildPhase section */
		18582C2F27D577B100ABECD5 /* Resources */ = {
			isa = PBXResourcesBuildPhase;
			buildActionMask = 2147483647;
			files = (
				18582C3C27D577B200ABECD5 /* Preview Assets.xcassets in Resources */,
				18582C3927D577B200ABECD5 /* Assets.xcassets in Resources */,
			);
			runOnlyForDeploymentPostprocessing = 0;
		};
/* End PBXResourcesBuildPhase section */

/* Begin PBXSourcesBuildPhase section */
		18582C2D27D577B100ABECD5 /* Sources */ = {
			isa = PBXSourcesBuildPhase;
			buildActionMask = 2147483647;
			files = (
				1848815F27E686C600D2ECCD /* StartButtonView.swift in Sources */,
				180E619D27DC34A800192330 /* SettingsView.swift in Sources */,
				18582C4927D5A0D300ABECD5 /* AppTitleView.swift in Sources */,
				18582C4427D5987800ABECD5 /* ColorManager.swift in Sources */,
				183A0AA927EFE5720095AAAB /* ContactsProvider.swift in Sources */,
				18E18B8C27DFEB76007977B6 /* NeuomorphicStyleTextfield.swift in Sources */,
				18D3E30F27D6D9860058B703 /* SafePeopleView.swift in Sources */,
				183A0A8927EFD46A0095AAAB /* ContactListItemView.swift in Sources */,
				183A0AAB27EFE5B10095AAAB /* StringExtension.swift in Sources */,
				18D3E30C27D6D5430058B703 /* MenuItemView.swift in Sources */,
				189800DE27EA8F0700FAD879 /* Constants.swift in Sources */,
				18E18B8A27DFD4FF007977B6 /* Persistence.swift in Sources */,
				1826BBE327E148CC004DC52F /* Message.swift in Sources */,
				1842A87227E93DC900F5CE7A /* SettingsLabelView.swift in Sources */,
				1826BBE127E1465F004DC52F /* MessageCardView.swift in Sources */,
				18582C4D27D5A20300ABECD5 /* HamburgerMenuButton.swift in Sources */,
				18E18B8827DFD4BE007977B6 /* SafePeople.xcdatamodeld in Sources */,
				18D3E30A27D6D3EF0058B703 /* MainView.swift in Sources */,
				1826BBE527E15CD5004DC52F /* UserSettings.swift in Sources */,
				18582C4727D5999600ABECD5 /* SimpleButtonStyle.swift in Sources */,
				1821722627F4F49F000191DE /* Contact.swift in Sources */,
				18582C4B27D5A17800ABECD5 /* NavigationTitleView.swift in Sources */,
				18D3E30627D6AD3D0058B703 /* SidebarContent.swift in Sources */,
				180E619B27DC346C00192330 /* ResourceView.swift in Sources */,
				1848815B27E67AEF00D2ECCD /* OnboardingView.swift in Sources */,
				189800DB27EA82EC00FAD879 /* MessageExampleCardView.swift in Sources */,
				1826BBDD27E12E1F004DC52F /* MessageExamplesView.swift in Sources */,
				18582C3727D577B100ABECD5 /* ContentView.swift in Sources */,
				183A0AB127EFEAE50095AAAB /* ContactDetailSheet .swift in Sources */,
				18B5A11427DD891000F0C89F /* AddContactView.swift in Sources */,
				1842A87427E93E7E00F5CE7A /* SettingsRowView.swift in Sources */,
				1842A87627E9502700F5CE7A /* ResourceRowView.swift in Sources */,
				183A0AAD27EFE5DE0095AAAB /* ContactPickerView.swift in Sources */,
				1848815D27E67B6100D2ECCD /* OnboardingPageView.swift in Sources */,
				1826BBDF27E135EB004DC52F /* InfoCardView.swift in Sources */,
				18582C3527D577B100ABECD5 /* SafePeopleApp.swift in Sources */,
				183A0AAF27EFE5FC0095AAAB /* ContactRowView.swift in Sources */,
				1826BBDB27E12B9D004DC52F /* AddMessageView.swift in Sources */,
			);
			runOnlyForDeploymentPostprocessing = 0;
		};
/* End PBXSourcesBuildPhase section */

/* Begin XCBuildConfiguration section */
		18582C3D27D577B200ABECD5 /* Debug */ = {
			isa = XCBuildConfiguration;
			buildSettings = {
				ALWAYS_SEARCH_USER_PATHS = NO;
				CLANG_ANALYZER_NONNULL = YES;
				CLANG_ANALYZER_NUMBER_OBJECT_CONVERSION = YES_AGGRESSIVE;
				CLANG_CXX_LANGUAGE_STANDARD = "gnu++17";
				CLANG_CXX_LIBRARY = "libc++";
				CLANG_ENABLE_MODULES = YES;
				CLANG_ENABLE_OBJC_ARC = YES;
				CLANG_ENABLE_OBJC_WEAK = YES;
				CLANG_WARN_BLOCK_CAPTURE_AUTORELEASING = YES;
				CLANG_WARN_BOOL_CONVERSION = YES;
				CLANG_WARN_COMMA = YES;
				CLANG_WARN_CONSTANT_CONVERSION = YES;
				CLANG_WARN_DEPRECATED_OBJC_IMPLEMENTATIONS = YES;
				CLANG_WARN_DIRECT_OBJC_ISA_USAGE = YES_ERROR;
				CLANG_WARN_DOCUMENTATION_COMMENTS = YES;
				CLANG_WARN_EMPTY_BODY = YES;
				CLANG_WARN_ENUM_CONVERSION = YES;
				CLANG_WARN_INFINITE_RECURSION = YES;
				CLANG_WARN_INT_CONVERSION = YES;
				CLANG_WARN_NON_LITERAL_NULL_CONVERSION = YES;
				CLANG_WARN_OBJC_IMPLICIT_RETAIN_SELF = YES;
				CLANG_WARN_OBJC_LITERAL_CONVERSION = YES;
				CLANG_WARN_OBJC_ROOT_CLASS = YES_ERROR;
				CLANG_WARN_QUOTED_INCLUDE_IN_FRAMEWORK_HEADER = YES;
				CLANG_WARN_RANGE_LOOP_ANALYSIS = YES;
				CLANG_WARN_STRICT_PROTOTYPES = YES;
				CLANG_WARN_SUSPICIOUS_MOVE = YES;
				CLANG_WARN_UNGUARDED_AVAILABILITY = YES_AGGRESSIVE;
				CLANG_WARN_UNREACHABLE_CODE = YES;
				CLANG_WARN__DUPLICATE_METHOD_MATCH = YES;
				COPY_PHASE_STRIP = NO;
				DEBUG_INFORMATION_FORMAT = dwarf;
				ENABLE_STRICT_OBJC_MSGSEND = YES;
				ENABLE_TESTABILITY = YES;
				GCC_C_LANGUAGE_STANDARD = gnu11;
				GCC_DYNAMIC_NO_PIC = NO;
				GCC_NO_COMMON_BLOCKS = YES;
				GCC_OPTIMIZATION_LEVEL = 0;
				GCC_PREPROCESSOR_DEFINITIONS = (
					"DEBUG=1",
					"$(inherited)",
				);
				GCC_WARN_64_TO_32_BIT_CONVERSION = YES;
				GCC_WARN_ABOUT_RETURN_TYPE = YES_ERROR;
				GCC_WARN_UNDECLARED_SELECTOR = YES;
				GCC_WARN_UNINITIALIZED_AUTOS = YES_AGGRESSIVE;
				GCC_WARN_UNUSED_FUNCTION = YES;
				GCC_WARN_UNUSED_VARIABLE = YES;
				IPHONEOS_DEPLOYMENT_TARGET = 15.2;
				MTL_ENABLE_DEBUG_INFO = INCLUDE_SOURCE;
				MTL_FAST_MATH = YES;
				ONLY_ACTIVE_ARCH = YES;
				SDKROOT = iphoneos;
				SWIFT_ACTIVE_COMPILATION_CONDITIONS = DEBUG;
				SWIFT_OPTIMIZATION_LEVEL = "-Onone";
			};
			name = Debug;
		};
		18582C3E27D577B200ABECD5 /* Release */ = {
			isa = XCBuildConfiguration;
			buildSettings = {
				ALWAYS_SEARCH_USER_PATHS = NO;
				CLANG_ANALYZER_NONNULL = YES;
				CLANG_ANALYZER_NUMBER_OBJECT_CONVERSION = YES_AGGRESSIVE;
				CLANG_CXX_LANGUAGE_STANDARD = "gnu++17";
				CLANG_CXX_LIBRARY = "libc++";
				CLANG_ENABLE_MODULES = YES;
				CLANG_ENABLE_OBJC_ARC = YES;
				CLANG_ENABLE_OBJC_WEAK = YES;
				CLANG_WARN_BLOCK_CAPTURE_AUTORELEASING = YES;
				CLANG_WARN_BOOL_CONVERSION = YES;
				CLANG_WARN_COMMA = YES;
				CLANG_WARN_CONSTANT_CONVERSION = YES;
				CLANG_WARN_DEPRECATED_OBJC_IMPLEMENTATIONS = YES;
				CLANG_WARN_DIRECT_OBJC_ISA_USAGE = YES_ERROR;
				CLANG_WARN_DOCUMENTATION_COMMENTS = YES;
				CLANG_WARN_EMPTY_BODY = YES;
				CLANG_WARN_ENUM_CONVERSION = YES;
				CLANG_WARN_INFINITE_RECURSION = YES;
				CLANG_WARN_INT_CONVERSION = YES;
				CLANG_WARN_NON_LITERAL_NULL_CONVERSION = YES;
				CLANG_WARN_OBJC_IMPLICIT_RETAIN_SELF = YES;
				CLANG_WARN_OBJC_LITERAL_CONVERSION = YES;
				CLANG_WARN_OBJC_ROOT_CLASS = YES_ERROR;
				CLANG_WARN_QUOTED_INCLUDE_IN_FRAMEWORK_HEADER = YES;
				CLANG_WARN_RANGE_LOOP_ANALYSIS = YES;
				CLANG_WARN_STRICT_PROTOTYPES = YES;
				CLANG_WARN_SUSPICIOUS_MOVE = YES;
				CLANG_WARN_UNGUARDED_AVAILABILITY = YES_AGGRESSIVE;
				CLANG_WARN_UNREACHABLE_CODE = YES;
				CLANG_WARN__DUPLICATE_METHOD_MATCH = YES;
				COPY_PHASE_STRIP = NO;
				DEBUG_INFORMATION_FORMAT = "dwarf-with-dsym";
				ENABLE_NS_ASSERTIONS = NO;
				ENABLE_STRICT_OBJC_MSGSEND = YES;
				GCC_C_LANGUAGE_STANDARD = gnu11;
				GCC_NO_COMMON_BLOCKS = YES;
				GCC_WARN_64_TO_32_BIT_CONVERSION = YES;
				GCC_WARN_ABOUT_RETURN_TYPE = YES_ERROR;
				GCC_WARN_UNDECLARED_SELECTOR = YES;
				GCC_WARN_UNINITIALIZED_AUTOS = YES_AGGRESSIVE;
				GCC_WARN_UNUSED_FUNCTION = YES;
				GCC_WARN_UNUSED_VARIABLE = YES;
				IPHONEOS_DEPLOYMENT_TARGET = 15.2;
				MTL_ENABLE_DEBUG_INFO = NO;
				MTL_FAST_MATH = YES;
				SDKROOT = iphoneos;
				SWIFT_COMPILATION_MODE = wholemodule;
				SWIFT_OPTIMIZATION_LEVEL = "-O";
				VALIDATE_PRODUCT = YES;
			};
			name = Release;
		};
		18582C4027D577B200ABECD5 /* Debug */ = {
			isa = XCBuildConfiguration;
			buildSettings = {
				ASSETCATALOG_COMPILER_APPICON_NAME = AppIcon;
				ASSETCATALOG_COMPILER_GLOBAL_ACCENT_COLOR_NAME = AccentColor;
				CODE_SIGN_STYLE = Automatic;
				CURRENT_PROJECT_VERSION = 1;
				DEVELOPMENT_ASSET_PATHS = "\"SafePeople/Preview Content\"";
				DEVELOPMENT_TEAM = AGU49S8C2X;
				ENABLE_PREVIEWS = YES;
				GENERATE_INFOPLIST_FILE = YES;
				INFOPLIST_FILE = SafePeople/Info.plist;
				INFOPLIST_KEY_NSContactsUsageDescription = "The app uses your phone's contacts allowing you to quickly add additional Safe People to your list.";
				INFOPLIST_KEY_UIApplicationSceneManifest_Generation = YES;
				INFOPLIST_KEY_UIApplicationSupportsIndirectInputEvents = YES;
				INFOPLIST_KEY_UILaunchScreen_Generation = YES;
				INFOPLIST_KEY_UISupportedInterfaceOrientations = UIInterfaceOrientationPortrait;
				INFOPLIST_KEY_UISupportedInterfaceOrientations_iPad = "UIInterfaceOrientationPortrait UIInterfaceOrientationPortraitUpsideDown UIInterfaceOrientationLandscapeLeft UIInterfaceOrientationLandscapeRight";
				INFOPLIST_KEY_UISupportedInterfaceOrientations_iPhone = "UIInterfaceOrientationPortrait UIInterfaceOrientationLandscapeLeft UIInterfaceOrientationLandscapeRight";
				INFOPLIST_KEY_UIUserInterfaceStyle = Light;
				LD_RUNPATH_SEARCH_PATHS = (
					"$(inherited)",
					"@executable_path/Frameworks",
				);
				MARKETING_VERSION = 1.01;
				PRODUCT_BUNDLE_IDENTIFIER = com.BrittanyRima.SafePeople;
				PRODUCT_NAME = SafePeople;
				SWIFT_EMIT_LOC_STRINGS = YES;
				SWIFT_VERSION = 5.0;
				TARGETED_DEVICE_FAMILY = 1;
			};
			name = Debug;
		};
		18582C4127D577B200ABECD5 /* Release */ = {
			isa = XCBuildConfiguration;
			buildSettings = {
				ASSETCATALOG_COMPILER_APPICON_NAME = AppIcon;
				ASSETCATALOG_COMPILER_GLOBAL_ACCENT_COLOR_NAME = AccentColor;
				CODE_SIGN_STYLE = Automatic;
				CURRENT_PROJECT_VERSION = 1;
				DEVELOPMENT_ASSET_PATHS = "\"SafePeople/Preview Content\"";
				DEVELOPMENT_TEAM = AGU49S8C2X;
				ENABLE_PREVIEWS = YES;
				GENERATE_INFOPLIST_FILE = YES;
				INFOPLIST_FILE = SafePeople/Info.plist;
				INFOPLIST_KEY_NSContactsUsageDescription = "The app uses your phone's contacts allowing you to quickly add additional Safe People to your list.";
				INFOPLIST_KEY_UIApplicationSceneManifest_Generation = YES;
				INFOPLIST_KEY_UIApplicationSupportsIndirectInputEvents = YES;
				INFOPLIST_KEY_UILaunchScreen_Generation = YES;
				INFOPLIST_KEY_UISupportedInterfaceOrientations = UIInterfaceOrientationPortrait;
				INFOPLIST_KEY_UISupportedInterfaceOrientations_iPad = "UIInterfaceOrientationPortrait UIInterfaceOrientationPortraitUpsideDown UIInterfaceOrientationLandscapeLeft UIInterfaceOrientationLandscapeRight";
				INFOPLIST_KEY_UISupportedInterfaceOrientations_iPhone = "UIInterfaceOrientationPortrait UIInterfaceOrientationLandscapeLeft UIInterfaceOrientationLandscapeRight";
				INFOPLIST_KEY_UIUserInterfaceStyle = Light;
				LD_RUNPATH_SEARCH_PATHS = (
					"$(inherited)",
					"@executable_path/Frameworks",
				);
				MARKETING_VERSION = 1.01;
				PRODUCT_BUNDLE_IDENTIFIER = com.BrittanyRima.SafePeople;
				PRODUCT_NAME = SafePeople;
				SWIFT_EMIT_LOC_STRINGS = YES;
				SWIFT_VERSION = 5.0;
				TARGETED_DEVICE_FAMILY = 1;
			};
			name = Release;
		};
/* End XCBuildConfiguration section */

/* Begin XCConfigurationList section */
		18582C2C27D577B100ABECD5 /* Build configuration list for PBXProject "SafePeople" */ = {
			isa = XCConfigurationList;
			buildConfigurations = (
				18582C3D27D577B200ABECD5 /* Debug */,
				18582C3E27D577B200ABECD5 /* Release */,
			);
			defaultConfigurationIsVisible = 0;
			defaultConfigurationName = Release;
		};
		18582C3F27D577B200ABECD5 /* Build configuration list for PBXNativeTarget "SafePeople" */ = {
			isa = XCConfigurationList;
			buildConfigurations = (
				18582C4027D577B200ABECD5 /* Debug */,
				18582C4127D577B200ABECD5 /* Release */,
			);
			defaultConfigurationIsVisible = 0;
			defaultConfigurationName = Release;
		};
/* End XCConfigurationList section */

/* Begin XCRemoteSwiftPackageReference section */
		18B5A11527DD8B0F00F0C89F /* XCRemoteSwiftPackageReference "iPhoneNumberField" */ = {
			isa = XCRemoteSwiftPackageReference;
			repositoryURL = "https://github.com/MojtabaHs/iPhoneNumberField.git";
			requirement = {
				kind = upToNextMajorVersion;
				minimumVersion = 0.6.1;
			};
		};
/* End XCRemoteSwiftPackageReference section */

/* Begin XCSwiftPackageProductDependency section */
		18B5A11627DD8B0F00F0C89F /* iPhoneNumberField */ = {
			isa = XCSwiftPackageProductDependency;
			package = 18B5A11527DD8B0F00F0C89F /* XCRemoteSwiftPackageReference "iPhoneNumberField" */;
			productName = iPhoneNumberField;
		};
/* End XCSwiftPackageProductDependency section */

/* Begin XCVersionGroup section */
		18E18B8627DFD4BE007977B6 /* SafePeople.xcdatamodeld */ = {
			isa = XCVersionGroup;
			children = (
				18E18B8727DFD4BE007977B6 /* SafePeople.xcdatamodel */,
			);
			currentVersion = 18E18B8727DFD4BE007977B6 /* SafePeople.xcdatamodel */;
			path = SafePeople.xcdatamodeld;
			sourceTree = "<group>";
			versionGroupType = wrapper.xcdatamodel;
		};
/* End XCVersionGroup section */
	};
	rootObject = 18582C2927D577B100ABECD5 /* Project object */;
}
