{
  "pins" : [
    {
      "identity" : "iphonenumberfield",
      "kind" : "remoteSourceControl",
      "location" : "https://github.com/MojtabaHs/iPhoneNumberField.git",
      "state" : {
        "revision" : "a6b5fcc6c9b085285932fe4fe754086ab92409cb",
        "version" : "0.6.1"
      }
    },
    {
      "identity" : "phonenumberkit",
      "kind" : "remoteSourceControl",
      "location" : "https://github.com/marmelroy/PhoneNumberKit",
      "state" : {
        "revision" : "fc8b12831c166e7851c341c2ac5a120c8716304a",
        "version" : "3.3.4"
      }
    },
    {
      "identity" : "swiftui_contactpicker",
      "kind" : "remoteSourceControl",
      "location" : "https://github.com/pykaso/SwiftUI_ContactPicker.git",
      "state" : {
        "revision" : "7a7a914cd5cab5d91135d1c2b3b497b3e44fc029",
        "version" : "1.1.0"
      }
    }
  ],
  "version" : 2
}
